
Microsoft Visual Studio Solution File, Format Version 12.00
# Visual Studio Version 17
VisualStudioVersion = 17.0.31903.59
MinimumVisualStudioVersion = 10.0.40219.1
Project("{FAE04EC0-301F-11D3-BF4B-00C04F79EFBC}") = "DreamBig.Faist.Api", "DreamBig.Faist.Api\DreamBig.Faist.Api.csproj", "{2027B99B-2F3A-4940-9716-602C1F69BB45}"
EndProject
Project("{FAE04EC0-301F-11D3-BF4B-00C04F79EFBC}") = "DreamBig.Faist.Domain", "DreamBig.Faist.Domain\DreamBig.Faist.Domain.csproj", "{2CE87DD8-60A6-42D9-B754-5242B3FC33D2}"
EndProject
Project("{FAE04EC0-301F-11D3-BF4B-00C04F79EFBC}") = "DreamBig.Faist.Application", "DreamBig.Faist.Application\DreamBig.Faist.Application.csproj", "{50660FBF-C5A2-40FA-BAC4-5C0FBC2ECAF7}"
EndProject
Project("{FAE04EC0-301F-11D3-BF4B-00C04F79EFBC}") = "DreamBig.Faist.Persistence", "DreamBig.Faist.Persistence\DreamBig.Faist.Persistence.csproj", "{DABE9926-F2D3-4C91-8B51-8268576133B5}"
EndProject
Project("{FAE04EC0-301F-11D3-BF4B-00C04F79EFBC}") = "DreamBig.Faist.Infrastructure", "DreamBig.Faist.Infrastructure\DreamBig.Faist.Infrastructure.csproj", "{38FF67F4-D3AF-4DB1-9CBC-004632204E9C}"
EndProject
Project("{FAE04EC0-301F-11D3-BF4B-00C04F79EFBC}") = "DreamBig.Faist.UnitTests", "DreamBig.Faist.UnitTests\DreamBig.Faist.UnitTests.csproj", "{6188BDCA-8391-45B7-9F9C-1DE4A659610C}"
EndProject
Global
	GlobalSection(SolutionConfigurationPlatforms) = preSolution
		Debug|Any CPU = Debug|Any CPU
		Debug|x64 = Debug|x64
		Debug|x86 = Debug|x86
		Release|Any CPU = Release|Any CPU
		Release|x64 = Release|x64
		Release|x86 = Release|x86
	EndGlobalSection
	GlobalSection(ProjectConfigurationPlatforms) = postSolution
		{2027B99B-2F3A-4940-9716-602C1F69BB45}.Debug|Any CPU.ActiveCfg = Debug|Any CPU
		{2027B99B-2F3A-4940-9716-602C1F69BB45}.Debug|Any CPU.Build.0 = Debug|Any CPU
		{2027B99B-2F3A-4940-9716-602C1F69BB45}.Debug|x64.ActiveCfg = Debug|Any CPU
		{2027B99B-2F3A-4940-9716-602C1F69BB45}.Debug|x64.Build.0 = Debug|Any CPU
		{2027B99B-2F3A-4940-9716-602C1F69BB45}.Debug|x86.ActiveCfg = Debug|Any CPU
		{2027B99B-2F3A-4940-9716-602C1F69BB45}.Debug|x86.Build.0 = Debug|Any CPU
		{2027B99B-2F3A-4940-9716-602C1F69BB45}.Release|Any CPU.ActiveCfg = Release|Any CPU
		{2027B99B-2F3A-4940-9716-602C1F69BB45}.Release|Any CPU.Build.0 = Release|Any CPU
		{2027B99B-2F3A-4940-9716-602C1F69BB45}.Release|x64.ActiveCfg = Release|Any CPU
		{2027B99B-2F3A-4940-9716-602C1F69BB45}.Release|x64.Build.0 = Release|Any CPU
		{2027B99B-2F3A-4940-9716-602C1F69BB45}.Release|x86.ActiveCfg = Release|Any CPU
		{2027B99B-2F3A-4940-9716-602C1F69BB45}.Release|x86.Build.0 = Release|Any CPU
		{2CE87DD8-60A6-42D9-B754-5242B3FC33D2}.Debug|Any CPU.ActiveCfg = Debug|Any CPU
		{2CE87DD8-60A6-42D9-B754-5242B3FC33D2}.Debug|Any CPU.Build.0 = Debug|Any CPU
		{2CE87DD8-60A6-42D9-B754-5242B3FC33D2}.Debug|x64.ActiveCfg = Debug|Any CPU
		{2CE87DD8-60A6-42D9-B754-5242B3FC33D2}.Debug|x64.Build.0 = Debug|Any CPU
		{2CE87DD8-60A6-42D9-B754-5242B3FC33D2}.Debug|x86.ActiveCfg = Debug|Any CPU
		{2CE87DD8-60A6-42D9-B754-5242B3FC33D2}.Debug|x86.Build.0 = Debug|Any CPU
		{2CE87DD8-60A6-42D9-B754-5242B3FC33D2}.Release|Any CPU.ActiveCfg = Release|Any CPU
		{2CE87DD8-60A6-42D9-B754-5242B3FC33D2}.Release|Any CPU.Build.0 = Release|Any CPU
		{2CE87DD8-60A6-42D9-B754-5242B3FC33D2}.Release|x64.ActiveCfg = Release|Any CPU
		{2CE87DD8-60A6-42D9-B754-5242B3FC33D2}.Release|x64.Build.0 = Release|Any CPU
		{2CE87DD8-60A6-42D9-B754-5242B3FC33D2}.Release|x86.ActiveCfg = Release|Any CPU
		{2CE87DD8-60A6-42D9-B754-5242B3FC33D2}.Release|x86.Build.0 = Release|Any CPU
		{50660FBF-C5A2-40FA-BAC4-5C0FBC2ECAF7}.Debug|Any CPU.ActiveCfg = Debug|Any CPU
		{50660FBF-C5A2-40FA-BAC4-5C0FBC2ECAF7}.Debug|Any CPU.Build.0 = Debug|Any CPU
		{50660FBF-C5A2-40FA-BAC4-5C0FBC2ECAF7}.Debug|x64.ActiveCfg = Debug|Any CPU
		{50660FBF-C5A2-40FA-BAC4-5C0FBC2ECAF7}.Debug|x64.Build.0 = Debug|Any CPU
		{50660FBF-C5A2-40FA-BAC4-5C0FBC2ECAF7}.Debug|x86.ActiveCfg = Debug|Any CPU
		{50660FBF-C5A2-40FA-BAC4-5C0FBC2ECAF7}.Debug|x86.Build.0 = Debug|Any CPU
		{50660FBF-C5A2-40FA-BAC4-5C0FBC2ECAF7}.Release|Any CPU.ActiveCfg = Release|Any CPU
		{50660FBF-C5A2-40FA-BAC4-5C0FBC2ECAF7}.Release|Any CPU.Build.0 = Release|Any CPU
		{50660FBF-C5A2-40FA-BAC4-5C0FBC2ECAF7}.Release|x64.ActiveCfg = Release|Any CPU
		{50660FBF-C5A2-40FA-BAC4-5C0FBC2ECAF7}.Release|x64.Build.0 = Release|Any CPU
		{50660FBF-C5A2-40FA-BAC4-5C0FBC2ECAF7}.Release|x86.ActiveCfg = Release|Any CPU
		{50660FBF-C5A2-40FA-BAC4-5C0FBC2ECAF7}.Release|x86.Build.0 = Release|Any CPU
		{DABE9926-F2D3-4C91-8B51-8268576133B5}.Debug|Any CPU.ActiveCfg = Debug|Any CPU
		{DABE9926-F2D3-4C91-8B51-8268576133B5}.Debug|Any CPU.Build.0 = Debug|Any CPU
		{DABE9926-F2D3-4C91-8B51-8268576133B5}.Debug|x64.ActiveCfg = Debug|Any CPU
		{DABE9926-F2D3-4C91-8B51-8268576133B5}.Debug|x64.Build.0 = Debug|Any CPU
		{DABE9926-F2D3-4C91-8B51-8268576133B5}.Debug|x86.ActiveCfg = Debug|Any CPU
		{DABE9926-F2D3-4C91-8B51-8268576133B5}.Debug|x86.Build.0 = Debug|Any CPU
		{DABE9926-F2D3-4C91-8B51-8268576133B5}.Release|Any CPU.ActiveCfg = Release|Any CPU
		{DABE9926-F2D3-4C91-8B51-8268576133B5}.Release|Any CPU.Build.0 = Release|Any CPU
		{DABE9926-F2D3-4C91-8B51-8268576133B5}.Release|x64.ActiveCfg = Release|Any CPU
		{DABE9926-F2D3-4C91-8B51-8268576133B5}.Release|x64.Build.0 = Release|Any CPU
		{DABE9926-F2D3-4C91-8B51-8268576133B5}.Release|x86.ActiveCfg = Release|Any CPU
		{DABE9926-F2D3-4C91-8B51-8268576133B5}.Release|x86.Build.0 = Release|Any CPU
		{38FF67F4-D3AF-4DB1-9CBC-004632204E9C}.Debug|Any CPU.ActiveCfg = Debug|Any CPU
		{38FF67F4-D3AF-4DB1-9CBC-004632204E9C}.Debug|Any CPU.Build.0 = Debug|Any CPU
		{38FF67F4-D3AF-4DB1-9CBC-004632204E9C}.Debug|x64.ActiveCfg = Debug|Any CPU
		{38FF67F4-D3AF-4DB1-9CBC-004632204E9C}.Debug|x64.Build.0 = Debug|Any CPU
		{38FF67F4-D3AF-4DB1-9CBC-004632204E9C}.Debug|x86.ActiveCfg = Debug|Any CPU
		{38FF67F4-D3AF-4DB1-9CBC-004632204E9C}.Debug|x86.Build.0 = Debug|Any CPU
		{38FF67F4-D3AF-4DB1-9CBC-004632204E9C}.Release|Any CPU.ActiveCfg = Release|Any CPU
		{38FF67F4-D3AF-4DB1-9CBC-004632204E9C}.Release|Any CPU.Build.0 = Release|Any CPU
		{38FF67F4-D3AF-4DB1-9CBC-004632204E9C}.Release|x64.ActiveCfg = Release|Any CPU
		{38FF67F4-D3AF-4DB1-9CBC-004632204E9C}.Release|x64.Build.0 = Release|Any CPU
		{38FF67F4-D3AF-4DB1-9CBC-004632204E9C}.Release|x86.ActiveCfg = Release|Any CPU
		{38FF67F4-D3AF-4DB1-9CBC-004632204E9C}.Release|x86.Build.0 = Release|Any CPU
		{6188BDCA-8391-45B7-9F9C-1DE4A659610C}.Debug|Any CPU.ActiveCfg = Debug|Any CPU
		{6188BDCA-8391-45B7-9F9C-1DE4A659610C}.Debug|Any CPU.Build.0 = Debug|Any CPU
		{6188BDCA-8391-45B7-9F9C-1DE4A659610C}.Debug|x64.ActiveCfg = Debug|Any CPU
		{6188BDCA-8391-45B7-9F9C-1DE4A659610C}.Debug|x64.Build.0 = Debug|Any CPU
		{6188BDCA-8391-45B7-9F9C-1DE4A659610C}.Debug|x86.ActiveCfg = Debug|Any CPU
		{6188BDCA-8391-45B7-9F9C-1DE4A659610C}.Debug|x86.Build.0 = Debug|Any CPU
		{6188BDCA-8391-45B7-9F9C-1DE4A659610C}.Release|Any CPU.ActiveCfg = Release|Any CPU
		{6188BDCA-8391-45B7-9F9C-1DE4A659610C}.Release|Any CPU.Build.0 = Release|Any CPU
		{6188BDCA-8391-45B7-9F9C-1DE4A659610C}.Release|x64.ActiveCfg = Release|Any CPU
		{6188BDCA-8391-45B7-9F9C-1DE4A659610C}.Release|x64.Build.0 = Release|Any CPU
		{6188BDCA-8391-45B7-9F9C-1DE4A659610C}.Release|x86.ActiveCfg = Release|Any CPU
		{6188BDCA-8391-45B7-9F9C-1DE4A659610C}.Release|x86.Build.0 = Release|Any CPU
	EndGlobalSection
	GlobalSection(SolutionProperties) = preSolution
		HideSolutionNode = FALSE
	EndGlobalSection
EndGlobal
