
Microsoft Visual Studio Solution File, Format Version 12.00
# Visual Studio Version 17
VisualStudioVersion = 17.0.31903.59
MinimumVisualStudioVersion = 10.0.40219.1
Project("{FAE04EC0-301F-11D3-BF4B-00C04F79EFBC}") = "DreamBig.Faist.Api", "DreamBig.Faist.Api\DreamBig.Faist.Api.csproj", "{2027B99B-2F3A-4940-9716-602C1F69BB45}"
EndProject
Project("{FAE04EC0-301F-11D3-BF4B-00C04F79EFBC}") = "DreamBig.Faist.Domain", "DreamBig.Faist.Domain\DreamBig.Faist.Domain.csproj", "{2CE87DD8-60A6-42D9-B754-5242B3FC33D2}"
EndProject
Project("{FAE04EC0-301F-11D3-BF4B-00C04F79EFBC}") = "DreamBig.Faist.Application", "DreamBig.Faist.Application\DreamBig.Faist.Application.csproj", "{50660FBF-C5A2-40FA-BAC4-5C0FBC2ECAF7}"
EndProject
Project("{FAE04EC0-301F-11D3-BF4B-00C04F79EFBC}") = "DreamBig.Faist.Infrastructure", "DreamBig.Faist.Infrastructure\DreamBig.Faist.Infrastructure.csproj", "{68F561AB-F917-4176-9EA4-90DB8E4A86BB}"
EndProject
Global
	GlobalSection(SolutionConfigurationPlatforms) = preSolution
		Debug|Any CPU = Debug|Any CPU
		Debug|x64 = Debug|x64
		Debug|x86 = Debug|x86
		Release|Any CPU = Release|Any CPU
		Release|x64 = Release|x64
		Release|x86 = Release|x86
	EndGlobalSection
	GlobalSection(ProjectConfigurationPlatforms) = postSolution
		{2027B99B-2F3A-4940-9716-602C1F69BB45}.Debug|Any CPU.ActiveCfg = Debug|Any CPU
		{2027B99B-2F3A-4940-9716-602C1F69BB45}.Debug|Any CPU.Build.0 = Debug|Any CPU
		{2027B99B-2F3A-4940-9716-602C1F69BB45}.Debug|x64.ActiveCfg = Debug|Any CPU
		{2027B99B-2F3A-4940-9716-602C1F69BB45}.Debug|x64.Build.0 = Debug|Any CPU
		{2027B99B-2F3A-4940-9716-602C1F69BB45}.Debug|x86.ActiveCfg = Debug|Any CPU
		{2027B99B-2F3A-4940-9716-602C1F69BB45}.Debug|x86.Build.0 = Debug|Any CPU
		{2027B99B-2F3A-4940-9716-602C1F69BB45}.Release|Any CPU.ActiveCfg = Release|Any CPU
		{2027B99B-2F3A-4940-9716-602C1F69BB45}.Release|Any CPU.Build.0 = Release|Any CPU
		{2027B99B-2F3A-4940-9716-602C1F69BB45}.Release|x64.ActiveCfg = Release|Any CPU
		{2027B99B-2F3A-4940-9716-602C1F69BB45}.Release|x64.Build.0 = Release|Any CPU
		{2027B99B-2F3A-4940-9716-602C1F69BB45}.Release|x86.ActiveCfg = Release|Any CPU
		{2027B99B-2F3A-4940-9716-602C1F69BB45}.Release|x86.Build.0 = Release|Any CPU
		{2CE87DD8-60A6-42D9-B754-5242B3FC33D2}.Debug|Any CPU.ActiveCfg = Debug|Any CPU
		{2CE87DD8-60A6-42D9-B754-5242B3FC33D2}.Debug|Any CPU.Build.0 = Debug|Any CPU
		{2CE87DD8-60A6-42D9-B754-5242B3FC33D2}.Debug|x64.ActiveCfg = Debug|Any CPU
		{2CE87DD8-60A6-42D9-B754-5242B3FC33D2}.Debug|x64.Build.0 = Debug|Any CPU
		{2CE87DD8-60A6-42D9-B754-5242B3FC33D2}.Debug|x86.ActiveCfg = Debug|Any CPU
		{2CE87DD8-60A6-42D9-B754-5242B3FC33D2}.Debug|x86.Build.0 = Debug|Any CPU
		{2CE87DD8-60A6-42D9-B754-5242B3FC33D2}.Release|Any CPU.ActiveCfg = Release|Any CPU
		{2CE87DD8-60A6-42D9-B754-5242B3FC33D2}.Release|Any CPU.Build.0 = Release|Any CPU
		{2CE87DD8-60A6-42D9-B754-5242B3FC33D2}.Release|x64.ActiveCfg = Release|Any CPU
		{2CE87DD8-60A6-42D9-B754-5242B3FC33D2}.Release|x64.Build.0 = Release|Any CPU
		{2CE87DD8-60A6-42D9-B754-5242B3FC33D2}.Release|x86.ActiveCfg = Release|Any CPU
		{2CE87DD8-60A6-42D9-B754-5242B3FC33D2}.Release|x86.Build.0 = Release|Any CPU
		{50660FBF-C5A2-40FA-BAC4-5C0FBC2ECAF7}.Debug|Any CPU.ActiveCfg = Debug|Any CPU
		{50660FBF-C5A2-40FA-BAC4-5C0FBC2ECAF7}.Debug|Any CPU.Build.0 = Debug|Any CPU
		{50660FBF-C5A2-40FA-BAC4-5C0FBC2ECAF7}.Debug|x64.ActiveCfg = Debug|Any CPU
		{50660FBF-C5A2-40FA-BAC4-5C0FBC2ECAF7}.Debug|x64.Build.0 = Debug|Any CPU
		{50660FBF-C5A2-40FA-BAC4-5C0FBC2ECAF7}.Debug|x86.ActiveCfg = Debug|Any CPU
		{50660FBF-C5A2-40FA-BAC4-5C0FBC2ECAF7}.Debug|x86.Build.0 = Debug|Any CPU
		{50660FBF-C5A2-40FA-BAC4-5C0FBC2ECAF7}.Release|Any CPU.ActiveCfg = Release|Any CPU
		{50660FBF-C5A2-40FA-BAC4-5C0FBC2ECAF7}.Release|Any CPU.Build.0 = Release|Any CPU
		{50660FBF-C5A2-40FA-BAC4-5C0FBC2ECAF7}.Release|x64.ActiveCfg = Release|Any CPU
		{50660FBF-C5A2-40FA-BAC4-5C0FBC2ECAF7}.Release|x64.Build.0 = Release|Any CPU
		{50660FBF-C5A2-40FA-BAC4-5C0FBC2ECAF7}.Release|x86.ActiveCfg = Release|Any CPU
		{50660FBF-C5A2-40FA-BAC4-5C0FBC2ECAF7}.Release|x86.Build.0 = Release|Any CPU
		{68F561AB-F917-4176-9EA4-90DB8E4A86BB}.Debug|Any CPU.ActiveCfg = Debug|Any CPU
		{68F561AB-F917-4176-9EA4-90DB8E4A86BB}.Debug|Any CPU.Build.0 = Debug|Any CPU
		{68F561AB-F917-4176-9EA4-90DB8E4A86BB}.Debug|x64.ActiveCfg = Debug|Any CPU
		{68F561AB-F917-4176-9EA4-90DB8E4A86BB}.Debug|x64.Build.0 = Debug|Any CPU
		{68F561AB-F917-4176-9EA4-90DB8E4A86BB}.Debug|x86.ActiveCfg = Debug|Any CPU
		{68F561AB-F917-4176-9EA4-90DB8E4A86BB}.Debug|x86.Build.0 = Debug|Any CPU
		{68F561AB-F917-4176-9EA4-90DB8E4A86BB}.Release|Any CPU.ActiveCfg = Release|Any CPU
		{68F561AB-F917-4176-9EA4-90DB8E4A86BB}.Release|Any CPU.Build.0 = Release|Any CPU
		{68F561AB-F917-4176-9EA4-90DB8E4A86BB}.Release|x64.ActiveCfg = Release|Any CPU
		{68F561AB-F917-4176-9EA4-90DB8E4A86BB}.Release|x64.Build.0 = Release|Any CPU
		{68F561AB-F917-4176-9EA4-90DB8E4A86BB}.Release|x86.ActiveCfg = Release|Any CPU
		{68F561AB-F917-4176-9EA4-90DB8E4A86BB}.Release|x86.Build.0 = Release|Any CPU
	EndGlobalSection
	GlobalSection(SolutionProperties) = preSolution
		HideSolutionNode = FALSE
	EndGlobalSection
EndGlobal
